
Microsoft Visual Studio Solution File, Format Version 12.00
# Visual Studio Version 17
VisualStudioVersion = 17.14.36811.4 d17.14
MinimumVisualStudioVersion = 10.0.40219.1
Project("{FAE04EC0-301F-11D3-BF4B-00C04F79EFBC}") = "Domain", "Domain\Domain.csproj", "{461CDCAA-3593-4DCF-BE54-E3FE52A995AF}"
EndProject
Project("{FAE04EC0-301F-11D3-BF4B-00C04F79EFBC}") = "Infrastructure", "Infrastructure\Infrastructure.csproj", "{7E4004AF-9B4B-426B-8C5E-7DF60D1615E8}"
EndProject
Project("{FAE04EC0-301F-11D3-BF4B-00C04F79EFBC}") = "Application", "Application\Application.csproj", "{8FEB55F6-DCAB-4E25-AC94-423F7DF047DA}"
EndProject
Project("{FAE04EC0-301F-11D3-BF4B-00C04F79EFBC}") = "API", "API\API.csproj", "{55B8BDD1-33E6-4CEF-B581-E3B72A05DB39}"
EndProject
Global
	GlobalSection(SolutionConfigurationPlatforms) = preSolution
		Debug|Any CPU = Debug|Any CPU
		Release|Any CPU = Release|Any CPU
	EndGlobalSection
	GlobalSection(ProjectConfigurationPlatforms) = postSolution
		{461CDCAA-3593-4DCF-BE54-E3FE52A995AF}.Debug|Any CPU.ActiveCfg = Debug|Any CPU
		{461CDCAA-3593-4DCF-BE54-E3FE52A995AF}.Debug|Any CPU.Build.0 = Debug|Any CPU
		{461CDCAA-3593-4DCF-BE54-E3FE52A995AF}.Release|Any CPU.ActiveCfg = Release|Any CPU
		{461CDCAA-3593-4DCF-BE54-E3FE52A995AF}.Release|Any CPU.Build.0 = Release|Any CPU
		{7E4004AF-9B4B-426B-8C5E-7DF60D1615E8}.Debug|Any CPU.ActiveCfg = Debug|Any CPU
		{7E4004AF-9B4B-426B-8C5E-7DF60D1615E8}.Debug|Any CPU.Build.0 = Debug|Any CPU
		{7E4004AF-9B4B-426B-8C5E-7DF60D1615E8}.Release|Any CPU.ActiveCfg = Release|Any CPU
		{7E4004AF-9B4B-426B-8C5E-7DF60D1615E8}.Release|Any CPU.Build.0 = Release|Any CPU
		{8FEB55F6-DCAB-4E25-AC94-423F7DF047DA}.Debug|Any CPU.ActiveCfg = Debug|Any CPU
		{8FEB55F6-DCAB-4E25-AC94-423F7DF047DA}.Debug|Any CPU.Build.0 = Debug|Any CPU
		{8FEB55F6-DCAB-4E25-AC94-423F7DF047DA}.Release|Any CPU.ActiveCfg = Release|Any CPU
		{8FEB55F6-DCAB-4E25-AC94-423F7DF047DA}.Release|Any CPU.Build.0 = Release|Any CPU
		{55B8BDD1-33E6-4CEF-B581-E3B72A05DB39}.Debug|Any CPU.ActiveCfg = Debug|Any CPU
		{55B8BDD1-33E6-4CEF-B581-E3B72A05DB39}.Debug|Any CPU.Build.0 = Debug|Any CPU
		{55B8BDD1-33E6-4CEF-B581-E3B72A05DB39}.Release|Any CPU.ActiveCfg = Release|Any CPU
		{55B8BDD1-33E6-4CEF-B581-E3B72A05DB39}.Release|Any CPU.Build.0 = Release|Any CPU
	EndGlobalSection
	GlobalSection(SolutionProperties) = preSolution
		HideSolutionNode = FALSE
	EndGlobalSection
	GlobalSection(ExtensibilityGlobals) = postSolution
		SolutionGuid = {6946A839-D627-4B1B-AA7E-C8778E5977B9}
	EndGlobalSection
EndGlobal
